
Microsoft Visual Studio Solution File, Format Version 12.00
# Visual Studio 15
VisualStudioVersion = 15.0.28010.2050
MinimumVisualStudioVersion = 10.0.40219.1
Project("{FAE04EC0-301F-11D3-BF4B-00C04F79EFBC}") = "RepositoryUsage", "RepositoryUsage\RepositoryUsage.csproj", "{5D1B6976-52C5-4AEC-B6A4-BB31C3C8184E}"
EndProject
Global
	GlobalSection(SolutionConfigurationPlatforms) = preSolution
		Debug|Any CPU = Debug|Any CPU
		Release|Any CPU = Release|Any CPU
	EndGlobalSection
	GlobalSection(ProjectConfigurationPlatforms) = postSolution
		{5D1B6976-52C5-4AEC-B6A4-BB31C3C8184E}.Debug|Any CPU.ActiveCfg = Debug|Any CPU
		{5D1B6976-52C5-4AEC-B6A4-BB31C3C8184E}.Debug|Any CPU.Build.0 = Debug|Any CPU
		{5D1B6976-52C5-4AEC-B6A4-BB31C3C8184E}.Release|Any CPU.ActiveCfg = Release|Any CPU
		{5D1B6976-52C5-4AEC-B6A4-BB31C3C8184E}.Release|Any CPU.Build.0 = Release|Any CPU
	EndGlobalSection
	GlobalSection(SolutionProperties) = preSolution
		HideSolutionNode = FALSE
	EndGlobalSection
	GlobalSection(ExtensibilityGlobals) = postSolution
		SolutionGuid = {F3399E39-B8F2-4ED5-9F93-17510F0A39FC}
	EndGlobalSection
EndGlobal
